
Microsoft Visual Studio Solution File, Format Version 12.00
# Visual Studio Version 16
VisualStudioVersion = 16.0.29209.62
MinimumVisualStudioVersion = 10.0.40219.1
Project("{9A19103F-16F7-4668-BE54-9A1E7A4F7556}") = "Arrays", "Arrays\Arrays.csproj", "{33A53634-8169-44AD-817E-C4427920CA59}"
EndProject
Project("{9A19103F-16F7-4668-BE54-9A1E7A4F7556}") = "Strings", "Strings\Strings.csproj", "{0B065CD8-3959-4114-8EF4-72CF45888013}"
EndProject
Project("{2150E333-8FDC-42A3-9474-1A3956D46DE8}") = "Array", "Array", "{01F122A0-8810-4F6D-A065-F40679CC60FB}"
EndProject
Project("{2150E333-8FDC-42A3-9474-1A3956D46DE8}") = "String", "String", "{DF59D4F2-596D-4A33-AE79-BFA4C1E98F78}"
EndProject
Project("{9A19103F-16F7-4668-BE54-9A1E7A4F7556}") = "ReverseInput", "ReverseInput\ReverseInput.csproj", "{DB6B19D8-5662-4086-AA0A-A8B3C5273B36}"
EndProject
Project("{9A19103F-16F7-4668-BE54-9A1E7A4F7556}") = "RoudingNumbers", "RoudingNumbers\RoudingNumbers.csproj", "{920550F1-0F0C-47AE-8B02-5EC8C2604205}"
EndProject
Project("{9A19103F-16F7-4668-BE54-9A1E7A4F7556}") = "SumEvenNumbers", "SumEvenNumbers\SumEvenNumbers.csproj", "{9AB9E732-3060-4D5A-B691-763FF8974F8A}"
EndProject
Project("{9A19103F-16F7-4668-BE54-9A1E7A4F7556}") = "EqualArrays", "EqualArrays\EqualArrays.csproj", "{F328AABE-3035-49A3-B33D-483CA85E5DE0}"
EndProject
Project("{9A19103F-16F7-4668-BE54-9A1E7A4F7556}") = "ReverseString", "ReverseString\ReverseString.csproj", "{39C51E0F-1A73-4857-AFE0-F471D53E9B9E}"
EndProject
Project("{9A19103F-16F7-4668-BE54-9A1E7A4F7556}") = "RepeatStrings", "RepeatStrings\RepeatStrings.csproj", "{5DBC9806-F4BA-4C1B-938F-3F644912A659}"
EndProject
Project("{9A19103F-16F7-4668-BE54-9A1E7A4F7556}") = "Substring", "Substring\Substring.csproj", "{3644A924-BD1F-4931-9B38-EFBC0E82C9D5}"
EndProject
Project("{9A19103F-16F7-4668-BE54-9A1E7A4F7556}") = "ReplaceWordInString", "ReplaceWordInString\ReplaceWordInString.csproj", "{ED99C5DF-CE67-4C0A-ABEE-AF4696299805}"
EndProject
Project("{9A19103F-16F7-4668-BE54-9A1E7A4F7556}") = "SumMatrix", "SumMatrix\SumMatrix.csproj", "{BAA8C0B4-87B2-411D-BE43-6EDA50D87DE1}"
EndProject
Project("{9A19103F-16F7-4668-BE54-9A1E7A4F7556}") = "SumPrimeNumbersInMatrix", "SumPrimeNumbersInMatrix\SumPrimeNumbersInMatrix.csproj", "{F9B66B6C-028A-482E-937C-E14062F606A2}"
EndProject
Global
	GlobalSection(SolutionConfigurationPlatforms) = preSolution
		Debug|Any CPU = Debug|Any CPU
		Release|Any CPU = Release|Any CPU
	EndGlobalSection
	GlobalSection(ProjectConfigurationPlatforms) = postSolution
		{33A53634-8169-44AD-817E-C4427920CA59}.Debug|Any CPU.ActiveCfg = Debug|Any CPU
		{33A53634-8169-44AD-817E-C4427920CA59}.Debug|Any CPU.Build.0 = Debug|Any CPU
		{33A53634-8169-44AD-817E-C4427920CA59}.Release|Any CPU.ActiveCfg = Release|Any CPU
		{33A53634-8169-44AD-817E-C4427920CA59}.Release|Any CPU.Build.0 = Release|Any CPU
		{0B065CD8-3959-4114-8EF4-72CF45888013}.Debug|Any CPU.ActiveCfg = Debug|Any CPU
		{0B065CD8-3959-4114-8EF4-72CF45888013}.Debug|Any CPU.Build.0 = Debug|Any CPU
		{0B065CD8-3959-4114-8EF4-72CF45888013}.Release|Any CPU.ActiveCfg = Release|Any CPU
		{0B065CD8-3959-4114-8EF4-72CF45888013}.Release|Any CPU.Build.0 = Release|Any CPU
		{DB6B19D8-5662-4086-AA0A-A8B3C5273B36}.Debug|Any CPU.ActiveCfg = Debug|Any CPU
		{DB6B19D8-5662-4086-AA0A-A8B3C5273B36}.Debug|Any CPU.Build.0 = Debug|Any CPU
		{DB6B19D8-5662-4086-AA0A-A8B3C5273B36}.Release|Any CPU.ActiveCfg = Release|Any CPU
		{DB6B19D8-5662-4086-AA0A-A8B3C5273B36}.Release|Any CPU.Build.0 = Release|Any CPU
		{920550F1-0F0C-47AE-8B02-5EC8C2604205}.Debug|Any CPU.ActiveCfg = Debug|Any CPU
		{920550F1-0F0C-47AE-8B02-5EC8C2604205}.Debug|Any CPU.Build.0 = Debug|Any CPU
		{920550F1-0F0C-47AE-8B02-5EC8C2604205}.Release|Any CPU.ActiveCfg = Release|Any CPU
		{920550F1-0F0C-47AE-8B02-5EC8C2604205}.Release|Any CPU.Build.0 = Release|Any CPU
		{9AB9E732-3060-4D5A-B691-763FF8974F8A}.Debug|Any CPU.ActiveCfg = Debug|Any CPU
		{9AB9E732-3060-4D5A-B691-763FF8974F8A}.Debug|Any CPU.Build.0 = Debug|Any CPU
		{9AB9E732-3060-4D5A-B691-763FF8974F8A}.Release|Any CPU.ActiveCfg = Release|Any CPU
		{9AB9E732-3060-4D5A-B691-763FF8974F8A}.Release|Any CPU.Build.0 = Release|Any CPU
		{F328AABE-3035-49A3-B33D-483CA85E5DE0}.Debug|Any CPU.ActiveCfg = Debug|Any CPU
		{F328AABE-3035-49A3-B33D-483CA85E5DE0}.Debug|Any CPU.Build.0 = Debug|Any CPU
		{F328AABE-3035-49A3-B33D-483CA85E5DE0}.Release|Any CPU.ActiveCfg = Release|Any CPU
		{F328AABE-3035-49A3-B33D-483CA85E5DE0}.Release|Any CPU.Build.0 = Release|Any CPU
		{39C51E0F-1A73-4857-AFE0-F471D53E9B9E}.Debug|Any CPU.ActiveCfg = Debug|Any CPU
		{39C51E0F-1A73-4857-AFE0-F471D53E9B9E}.Debug|Any CPU.Build.0 = Debug|Any CPU
		{39C51E0F-1A73-4857-AFE0-F471D53E9B9E}.Release|Any CPU.ActiveCfg = Release|Any CPU
		{39C51E0F-1A73-4857-AFE0-F471D53E9B9E}.Release|Any CPU.Build.0 = Release|Any CPU
		{5DBC9806-F4BA-4C1B-938F-3F644912A659}.Debug|Any CPU.ActiveCfg = Debug|Any CPU
		{5DBC9806-F4BA-4C1B-938F-3F644912A659}.Debug|Any CPU.Build.0 = Debug|Any CPU
		{5DBC9806-F4BA-4C1B-938F-3F644912A659}.Release|Any CPU.ActiveCfg = Release|Any CPU
		{5DBC9806-F4BA-4C1B-938F-3F644912A659}.Release|Any CPU.Build.0 = Release|Any CPU
		{3644A924-BD1F-4931-9B38-EFBC0E82C9D5}.Debug|Any CPU.ActiveCfg = Debug|Any CPU
		{3644A924-BD1F-4931-9B38-EFBC0E82C9D5}.Debug|Any CPU.Build.0 = Debug|Any CPU
		{3644A924-BD1F-4931-9B38-EFBC0E82C9D5}.Release|Any CPU.ActiveCfg = Release|Any CPU
		{3644A924-BD1F-4931-9B38-EFBC0E82C9D5}.Release|Any CPU.Build.0 = Release|Any CPU
		{ED99C5DF-CE67-4C0A-ABEE-AF4696299805}.Debug|Any CPU.ActiveCfg = Debug|Any CPU
		{ED99C5DF-CE67-4C0A-ABEE-AF4696299805}.Debug|Any CPU.Build.0 = Debug|Any CPU
		{ED99C5DF-CE67-4C0A-ABEE-AF4696299805}.Release|Any CPU.ActiveCfg = Release|Any CPU
		{ED99C5DF-CE67-4C0A-ABEE-AF4696299805}.Release|Any CPU.Build.0 = Release|Any CPU
		{BAA8C0B4-87B2-411D-BE43-6EDA50D87DE1}.Debug|Any CPU.ActiveCfg = Debug|Any CPU
		{BAA8C0B4-87B2-411D-BE43-6EDA50D87DE1}.Debug|Any CPU.Build.0 = Debug|Any CPU
		{BAA8C0B4-87B2-411D-BE43-6EDA50D87DE1}.Release|Any CPU.ActiveCfg = Release|Any CPU
		{BAA8C0B4-87B2-411D-BE43-6EDA50D87DE1}.Release|Any CPU.Build.0 = Release|Any CPU
		{F9B66B6C-028A-482E-937C-E14062F606A2}.Debug|Any CPU.ActiveCfg = Debug|Any CPU
		{F9B66B6C-028A-482E-937C-E14062F606A2}.Debug|Any CPU.Build.0 = Debug|Any CPU
		{F9B66B6C-028A-482E-937C-E14062F606A2}.Release|Any CPU.ActiveCfg = Release|Any CPU
		{F9B66B6C-028A-482E-937C-E14062F606A2}.Release|Any CPU.Build.0 = Release|Any CPU
	EndGlobalSection
	GlobalSection(SolutionProperties) = preSolution
		HideSolutionNode = FALSE
	EndGlobalSection
	GlobalSection(NestedProjects) = preSolution
		{33A53634-8169-44AD-817E-C4427920CA59} = {01F122A0-8810-4F6D-A065-F40679CC60FB}
		{0B065CD8-3959-4114-8EF4-72CF45888013} = {DF59D4F2-596D-4A33-AE79-BFA4C1E98F78}
		{DB6B19D8-5662-4086-AA0A-A8B3C5273B36} = {01F122A0-8810-4F6D-A065-F40679CC60FB}
		{920550F1-0F0C-47AE-8B02-5EC8C2604205} = {01F122A0-8810-4F6D-A065-F40679CC60FB}
		{9AB9E732-3060-4D5A-B691-763FF8974F8A} = {01F122A0-8810-4F6D-A065-F40679CC60FB}
		{F328AABE-3035-49A3-B33D-483CA85E5DE0} = {01F122A0-8810-4F6D-A065-F40679CC60FB}
		{39C51E0F-1A73-4857-AFE0-F471D53E9B9E} = {DF59D4F2-596D-4A33-AE79-BFA4C1E98F78}
		{5DBC9806-F4BA-4C1B-938F-3F644912A659} = {DF59D4F2-596D-4A33-AE79-BFA4C1E98F78}
		{3644A924-BD1F-4931-9B38-EFBC0E82C9D5} = {DF59D4F2-596D-4A33-AE79-BFA4C1E98F78}
		{ED99C5DF-CE67-4C0A-ABEE-AF4696299805} = {DF59D4F2-596D-4A33-AE79-BFA4C1E98F78}
		{BAA8C0B4-87B2-411D-BE43-6EDA50D87DE1} = {01F122A0-8810-4F6D-A065-F40679CC60FB}
		{F9B66B6C-028A-482E-937C-E14062F606A2} = {01F122A0-8810-4F6D-A065-F40679CC60FB}
	EndGlobalSection
	GlobalSection(ExtensibilityGlobals) = postSolution
		SolutionGuid = {686DB379-886B-4897-B8EC-BFC1D91B7C08}
	EndGlobalSection
EndGlobal
